
Microsoft Visual Studio Solution File, Format Version 12.00
# Visual Studio Version 17
VisualStudioVersion = 17.7.34024.191
MinimumVisualStudioVersion = 10.0.40219.1
Project("{FAE04EC0-301F-11D3-BF4B-00C04F79EFBC}") = "Day5", "Day5\Day5.csproj", "{3629F5DE-B4D8-40B8-9081-949A0BB4D31A}"
EndProject
Global
	GlobalSection(SolutionConfigurationPlatforms) = preSolution
		Debug|Any CPU = Debug|Any CPU
		Release|Any CPU = Release|Any CPU
	EndGlobalSection
	GlobalSection(ProjectConfigurationPlatforms) = postSolution
		{3629F5DE-B4D8-40B8-9081-949A0BB4D31A}.Debug|Any CPU.ActiveCfg = Debug|Any CPU
		{3629F5DE-B4D8-40B8-9081-949A0BB4D31A}.Debug|Any CPU.Build.0 = Debug|Any CPU
		{3629F5DE-B4D8-40B8-9081-949A0BB4D31A}.Release|Any CPU.ActiveCfg = Release|Any CPU
		{3629F5DE-B4D8-40B8-9081-949A0BB4D31A}.Release|Any CPU.Build.0 = Release|Any CPU
	EndGlobalSection
	GlobalSection(SolutionProperties) = preSolution
		HideSolutionNode = FALSE
	EndGlobalSection
	GlobalSection(ExtensibilityGlobals) = postSolution
		SolutionGuid = {86E5E7A0-AFE8-40AB-8585-41E5F95B330C}
	EndGlobalSection
EndGlobal
